
Microsoft Visual Studio Solution File, Format Version 12.00
# Visual Studio Version 17
VisualStudioVersion = 17.10.35201.131
MinimumVisualStudioVersion = 10.0.40219.1
Project("{FAE04EC0-301F-11D3-BF4B-00C04F79EFBC}") = "Logging.Net.Abstractions", "Logging.Net.Abstractions\Logging.Net.Abstractions.csproj", "{123A1C34-8033-4AEE-B217-A29B22DE7BE7}"
EndProject
Global
	GlobalSection(SolutionConfigurationPlatforms) = preSolution
		Debug|Any CPU = Debug|Any CPU
		Release|Any CPU = Release|Any CPU
	EndGlobalSection
	GlobalSection(ProjectConfigurationPlatforms) = postSolution
		{123A1C34-8033-4AEE-B217-A29B22DE7BE7}.Debug|Any CPU.ActiveCfg = Debug|Any CPU
		{123A1C34-8033-4AEE-B217-A29B22DE7BE7}.Debug|Any CPU.Build.0 = Debug|Any CPU
		{123A1C34-8033-4AEE-B217-A29B22DE7BE7}.Release|Any CPU.ActiveCfg = Release|Any CPU
		{123A1C34-8033-4AEE-B217-A29B22DE7BE7}.Release|Any CPU.Build.0 = Release|Any CPU
	EndGlobalSection
	GlobalSection(SolutionProperties) = preSolution
		HideSolutionNode = FALSE
	EndGlobalSection
	GlobalSection(ExtensibilityGlobals) = postSolution
		SolutionGuid = {DDF2FFA7-D288-4D61-9D9B-B4FF0E68374A}
	EndGlobalSection
EndGlobal
