
Microsoft Visual Studio Solution File, Format Version 12.00
# Visual Studio Version 17
VisualStudioVersion = 17.10.35201.131
MinimumVisualStudioVersion = 10.0.40219.1
Project("{9A19103F-16F7-4668-BE54-9A1E7A4F7556}") = "Logging.Net.Abstractions", "Logging.Net.Abstractions\Logging.Net.Abstractions.csproj", "{123A1C34-8033-4AEE-B217-A29B22DE7BE7}"
EndProject
Project("{2150E333-8FDC-42A3-9474-1A3956D46DE8}") = "Solution Items", "Solution Items", "{AEDC02B5-32EC-41D2-93F6-45DC40E2DC12}"
	ProjectSection(SolutionItems) = preProject
		README.md = README.md
	EndProjectSection
EndProject
Project("{FAE04EC0-301F-11D3-BF4B-00C04F79EFBC}") = "Logging.Net.Serilog", "Logging.Net.Serilog\Logging.Net.Serilog.csproj", "{0BBCB2AB-9AC6-45D3-8F7F-65570053FF21}"
EndProject
Project("{FAE04EC0-301F-11D3-BF4B-00C04F79EFBC}") = "Logging.Net.Tests", "Logging.Net.Tests\Logging.Net.Tests.csproj", "{D6CA895A-2B5E-4009-AA81-50F2A5515DF4}"
EndProject
Global
	GlobalSection(SolutionConfigurationPlatforms) = preSolution
		Debug|Any CPU = Debug|Any CPU
		Debug|x64 = Debug|x64
		Debug|x86 = Debug|x86
		Release|Any CPU = Release|Any CPU
		Release|x64 = Release|x64
		Release|x86 = Release|x86
	EndGlobalSection
	GlobalSection(ProjectConfigurationPlatforms) = postSolution
		{123A1C34-8033-4AEE-B217-A29B22DE7BE7}.Debug|Any CPU.ActiveCfg = Debug|Any CPU
		{123A1C34-8033-4AEE-B217-A29B22DE7BE7}.Debug|Any CPU.Build.0 = Debug|Any CPU
		{123A1C34-8033-4AEE-B217-A29B22DE7BE7}.Debug|x64.ActiveCfg = Debug|Any CPU
		{123A1C34-8033-4AEE-B217-A29B22DE7BE7}.Debug|x64.Build.0 = Debug|Any CPU
		{123A1C34-8033-4AEE-B217-A29B22DE7BE7}.Debug|x86.ActiveCfg = Debug|Any CPU
		{123A1C34-8033-4AEE-B217-A29B22DE7BE7}.Debug|x86.Build.0 = Debug|Any CPU
		{123A1C34-8033-4AEE-B217-A29B22DE7BE7}.Release|Any CPU.ActiveCfg = Release|Any CPU
		{123A1C34-8033-4AEE-B217-A29B22DE7BE7}.Release|Any CPU.Build.0 = Release|Any CPU
		{123A1C34-8033-4AEE-B217-A29B22DE7BE7}.Release|x64.ActiveCfg = Release|Any CPU
		{123A1C34-8033-4AEE-B217-A29B22DE7BE7}.Release|x64.Build.0 = Release|Any CPU
		{123A1C34-8033-4AEE-B217-A29B22DE7BE7}.Release|x86.ActiveCfg = Release|Any CPU
		{123A1C34-8033-4AEE-B217-A29B22DE7BE7}.Release|x86.Build.0 = Release|Any CPU
		{0BBCB2AB-9AC6-45D3-8F7F-65570053FF21}.Debug|Any CPU.ActiveCfg = Debug|Any CPU
		{0BBCB2AB-9AC6-45D3-8F7F-65570053FF21}.Debug|Any CPU.Build.0 = Debug|Any CPU
		{0BBCB2AB-9AC6-45D3-8F7F-65570053FF21}.Debug|x64.ActiveCfg = Debug|Any CPU
		{0BBCB2AB-9AC6-45D3-8F7F-65570053FF21}.Debug|x64.Build.0 = Debug|Any CPU
		{0BBCB2AB-9AC6-45D3-8F7F-65570053FF21}.Debug|x86.ActiveCfg = Debug|Any CPU
		{0BBCB2AB-9AC6-45D3-8F7F-65570053FF21}.Debug|x86.Build.0 = Debug|Any CPU
		{0BBCB2AB-9AC6-45D3-8F7F-65570053FF21}.Release|Any CPU.ActiveCfg = Release|Any CPU
		{0BBCB2AB-9AC6-45D3-8F7F-65570053FF21}.Release|Any CPU.Build.0 = Release|Any CPU
		{0BBCB2AB-9AC6-45D3-8F7F-65570053FF21}.Release|x64.ActiveCfg = Release|Any CPU
		{0BBCB2AB-9AC6-45D3-8F7F-65570053FF21}.Release|x64.Build.0 = Release|Any CPU
		{0BBCB2AB-9AC6-45D3-8F7F-65570053FF21}.Release|x86.ActiveCfg = Release|Any CPU
		{0BBCB2AB-9AC6-45D3-8F7F-65570053FF21}.Release|x86.Build.0 = Release|Any CPU
		{D6CA895A-2B5E-4009-AA81-50F2A5515DF4}.Debug|Any CPU.ActiveCfg = Debug|Any CPU
		{D6CA895A-2B5E-4009-AA81-50F2A5515DF4}.Debug|Any CPU.Build.0 = Debug|Any CPU
		{D6CA895A-2B5E-4009-AA81-50F2A5515DF4}.Debug|x64.ActiveCfg = Debug|Any CPU
		{D6CA895A-2B5E-4009-AA81-50F2A5515DF4}.Debug|x64.Build.0 = Debug|Any CPU
		{D6CA895A-2B5E-4009-AA81-50F2A5515DF4}.Debug|x86.ActiveCfg = Debug|Any CPU
		{D6CA895A-2B5E-4009-AA81-50F2A5515DF4}.Debug|x86.Build.0 = Debug|Any CPU
		{D6CA895A-2B5E-4009-AA81-50F2A5515DF4}.Release|Any CPU.ActiveCfg = Release|Any CPU
		{D6CA895A-2B5E-4009-AA81-50F2A5515DF4}.Release|Any CPU.Build.0 = Release|Any CPU
		{D6CA895A-2B5E-4009-AA81-50F2A5515DF4}.Release|x64.ActiveCfg = Release|Any CPU
		{D6CA895A-2B5E-4009-AA81-50F2A5515DF4}.Release|x64.Build.0 = Release|Any CPU
		{D6CA895A-2B5E-4009-AA81-50F2A5515DF4}.Release|x86.ActiveCfg = Release|Any CPU
		{D6CA895A-2B5E-4009-AA81-50F2A5515DF4}.Release|x86.Build.0 = Release|Any CPU
	EndGlobalSection
	GlobalSection(SolutionProperties) = preSolution
		HideSolutionNode = FALSE
	EndGlobalSection
	GlobalSection(ExtensibilityGlobals) = postSolution
		SolutionGuid = {DDF2FFA7-D288-4D61-9D9B-B4FF0E68374A}
	EndGlobalSection
EndGlobal
